// !$*UTF8*$!
{
	archiveVersion = 1;
	classes = {
	};
	objectVersion = 46;
	objects = {

/* Begin PBXBuildFile section */
		2803B9161B5C741100CBAC87 /* SenseSdk.framework in Frameworks */ = {isa = PBXBuildFile; fileRef = 2803B9151B5C741100CBAC87 /* SenseSdk.framework */; };
		2803B9181B5C761A00CBAC87 /* CoreLocation.framework in Frameworks */ = {isa = PBXBuildFile; fileRef = 2803B9171B5C761A00CBAC87 /* CoreLocation.framework */; };
		2803B91A1B5C762200CBAC87 /* CoreMotion.framework in Frameworks */ = {isa = PBXBuildFile; fileRef = 2803B9191B5C762200CBAC87 /* CoreMotion.framework */; };
		2803B91C1B5C762D00CBAC87 /* SystemConfiguration.framework in Frameworks */ = {isa = PBXBuildFile; fileRef = 2803B91B1B5C762D00CBAC87 /* SystemConfiguration.framework */; };
		2803B91E1B5C763600CBAC87 /* libz.dylib in Frameworks */ = {isa = PBXBuildFile; fileRef = 2803B91D1B5C763600CBAC87 /* libz.dylib */; };
		2803B91F1B5C769100CBAC87 /* SenseSdk.framework in Frameworks */ = {isa = PBXBuildFile; fileRef = 2803B9151B5C741100CBAC87 /* SenseSdk.framework */; };
		2803B9201B5C769100CBAC87 /* SenseSdk.framework in Embed Frameworks */ = {isa = PBXBuildFile; fileRef = 2803B9151B5C741100CBAC87 /* SenseSdk.framework */; settings = {ATTRIBUTES = (CodeSignOnCopy, RemoveHeadersOnCopy, ); }; };
		2811ABAA1B676D9E0065E039 /* MealObject.swift in Sources */ = {isa = PBXBuildFile; fileRef = 2811ABA91B676D9E0065E039 /* MealObject.swift */; };
		28883A111B6C2A6A0003004B /* ResultsViewController.swift in Sources */ = {isa = PBXBuildFile; fileRef = 28883A101B6C2A6A0003004B /* ResultsViewController.swift */; };
		289C423D1B645C5C00D6E57E /* QuadratTouch.framework in Copy Frameworks */ = {isa = PBXBuildFile; fileRef = 289C423A1B645C3A00D6E57E /* QuadratTouch.framework */; settings = {ATTRIBUTES = (CodeSignOnCopy, RemoveHeadersOnCopy, ); }; };
		289C423F1B646C6F00D6E57E /* LocationHelper.swift in Sources */ = {isa = PBXBuildFile; fileRef = 289C423E1B646C6F00D6E57E /* LocationHelper.swift */; };
		289C42411B646EDB00D6E57E /* Storyboard.swift in Sources */ = {isa = PBXBuildFile; fileRef = 289C42401B646EDB00D6E57E /* Storyboard.swift */; };
		28BFAB6D1B6AAE6000D3D4CA /* User.swift in Sources */ = {isa = PBXBuildFile; fileRef = 28BFAB6C1B6AAE6000D3D4CA /* User.swift */; };
		28E30B8E1B56DF61001B246A /* AppDelegate.swift in Sources */ = {isa = PBXBuildFile; fileRef = 28E30B8D1B56DF61001B246A /* AppDelegate.swift */; };
		28E30B931B56DF61001B246A /* Main.storyboard in Resources */ = {isa = PBXBuildFile; fileRef = 28E30B911B56DF61001B246A /* Main.storyboard */; };
		28E30B951B56DF61001B246A /* Images.xcassets in Resources */ = {isa = PBXBuildFile; fileRef = 28E30B941B56DF61001B246A /* Images.xcassets */; };
		28E30B981B56DF61001B246A /* LaunchScreen.xib in Resources */ = {isa = PBXBuildFile; fileRef = 28E30B961B56DF61001B246A /* LaunchScreen.xib */; };
		28E30BA41B56DF61001B246A /* Crave_AppTests.swift in Sources */ = {isa = PBXBuildFile; fileRef = 28E30BA31B56DF61001B246A /* Crave_AppTests.swift */; };
		28E30BB61B56E1E8001B246A /* PlateViewController.swift in Sources */ = {isa = PBXBuildFile; fileRef = 28E30BB51B56E1E8001B246A /* PlateViewController.swift */; };
		28E30BBA1B56E200001B246A /* ChooseViewController.swift in Sources */ = {isa = PBXBuildFile; fileRef = 28E30BB91B56E200001B246A /* ChooseViewController.swift */; };
		28E30BBC1B56E207001B246A /* UserViewController.swift in Sources */ = {isa = PBXBuildFile; fileRef = 28E30BBB1B56E207001B246A /* UserViewController.swift */; };
		28E30BBF1B56F3B0001B246A /* PlateTableViewCell.swift in Sources */ = {isa = PBXBuildFile; fileRef = 28E30BBE1B56F3B0001B246A /* PlateTableViewCell.swift */; };
		28E30BC31B57493A001B246A /* ChooseTableViewCell.swift in Sources */ = {isa = PBXBuildFile; fileRef = 28E30BC21B57493A001B246A /* ChooseTableViewCell.swift */; };
		28E96B641B71CE6A002F009E /* ChooseHelper.swift in Sources */ = {isa = PBXBuildFile; fileRef = 28E96B631B71CE6A002F009E /* ChooseHelper.swift */; };
		28EDD9451B5D7A4A0075A9E9 /* UserChoiceCollectionDataSource.swift in Sources */ = {isa = PBXBuildFile; fileRef = 28EDD9441B5D7A4A0075A9E9 /* UserChoiceCollectionDataSource.swift */; };
		28EDD98B1B5F2CB30075A9E9 /* TagData.swift in Sources */ = {isa = PBXBuildFile; fileRef = 28EDD98A1B5F2CB30075A9E9 /* TagData.swift */; };
		A66EEA8CF9DCF4E81BDA281F /* Pods_Crave_App.framework in Frameworks */ = {isa = PBXBuildFile; fileRef = 8AB1A72B772ACA01DD285677 /* Pods_Crave_App.framework */; settings = {ATTRIBUTES = (Weak, ); }; };
/* End PBXBuildFile section */

/* Begin PBXContainerItemProxy section */
		289C42371B645C3A00D6E57E /* PBXContainerItemProxy */ = {
			isa = PBXContainerItemProxy;
			containerPortal = 289C42321B645C3900D6E57E /* Quadrat.xcodeproj */;
			proxyType = 2;
			remoteGlobalIDString = 476B70891A0EBAE700AFAC33;
			remoteInfo = Quadrat;
		};
		289C42391B645C3A00D6E57E /* PBXContainerItemProxy */ = {
			isa = PBXContainerItemProxy;
			containerPortal = 289C42321B645C3900D6E57E /* Quadrat.xcodeproj */;
			proxyType = 2;
			remoteGlobalIDString = 476B70DA1A0EBBA500AFAC33;
			remoteInfo = QuadratTouch;
		};
		289C423B1B645C5300D6E57E /* PBXContainerItemProxy */ = {
			isa = PBXContainerItemProxy;
			containerPortal = 289C42321B645C3900D6E57E /* Quadrat.xcodeproj */;
			proxyType = 1;
			remoteGlobalIDString = 476B70D91A0EBBA500AFAC33;
			remoteInfo = QuadratTouch;
		};
		28E30B9E1B56DF61001B246A /* PBXContainerItemProxy */ = {
			isa = PBXContainerItemProxy;
			containerPortal = 28E30B801B56DF61001B246A /* Project object */;
			proxyType = 1;
			remoteGlobalIDString = 28E30B871B56DF61001B246A;
			remoteInfo = "Crave App";
		};
/* End PBXContainerItemProxy section */

/* Begin PBXCopyFilesBuildPhase section */
		28E30BB01B56E00A001B246A /* Embed Frameworks */ = {
			isa = PBXCopyFilesBuildPhase;
			buildActionMask = 2147483647;
			dstPath = "";
			dstSubfolderSpec = 10;
			files = (
				2803B9201B5C769100CBAC87 /* SenseSdk.framework in Embed Frameworks */,
			);
			name = "Embed Frameworks";
			runOnlyForDeploymentPostprocessing = 0;
		};
		28EDD9541B5DA6620075A9E9 /* Copy Frameworks */ = {
			isa = PBXCopyFilesBuildPhase;
			buildActionMask = 2147483647;
			dstPath = "";
			dstSubfolderSpec = 10;
			files = (
				289C423D1B645C5C00D6E57E /* QuadratTouch.framework in Copy Frameworks */,
			);
			name = "Copy Frameworks";
			runOnlyForDeploymentPostprocessing = 0;
		};
/* End PBXCopyFilesBuildPhase section */

/* Begin PBXFileReference section */
		2803B9151B5C741100CBAC87 /* SenseSdk.framework */ = {isa = PBXFileReference; lastKnownFileType = wrapper.framework; path = SenseSdk.framework; sourceTree = "<group>"; };
		2803B9171B5C761A00CBAC87 /* CoreLocation.framework */ = {isa = PBXFileReference; lastKnownFileType = wrapper.framework; name = CoreLocation.framework; path = System/Library/Frameworks/CoreLocation.framework; sourceTree = SDKROOT; };
		2803B9191B5C762200CBAC87 /* CoreMotion.framework */ = {isa = PBXFileReference; lastKnownFileType = wrapper.framework; name = CoreMotion.framework; path = System/Library/Frameworks/CoreMotion.framework; sourceTree = SDKROOT; };
		2803B91B1B5C762D00CBAC87 /* SystemConfiguration.framework */ = {isa = PBXFileReference; lastKnownFileType = wrapper.framework; name = SystemConfiguration.framework; path = System/Library/Frameworks/SystemConfiguration.framework; sourceTree = SDKROOT; };
		2803B91D1B5C763600CBAC87 /* libz.dylib */ = {isa = PBXFileReference; lastKnownFileType = "compiled.mach-o.dylib"; name = libz.dylib; path = usr/lib/libz.dylib; sourceTree = SDKROOT; };
		2811ABA91B676D9E0065E039 /* MealObject.swift */ = {isa = PBXFileReference; fileEncoding = 4; lastKnownFileType = sourcecode.swift; name = MealObject.swift; path = ../Models/MealObject.swift; sourceTree = "<group>"; };
		28883A101B6C2A6A0003004B /* ResultsViewController.swift */ = {isa = PBXFileReference; fileEncoding = 4; lastKnownFileType = sourcecode.swift; path = ResultsViewController.swift; sourceTree = "<group>"; };
		289C42321B645C3900D6E57E /* Quadrat.xcodeproj */ = {isa = PBXFileReference; lastKnownFileType = "wrapper.pb-project"; name = Quadrat.xcodeproj; path = "Quadrat/das-quadrat-develop/Source/Quadrat.xcodeproj"; sourceTree = "<group>"; };
		289C423E1B646C6F00D6E57E /* LocationHelper.swift */ = {isa = PBXFileReference; fileEncoding = 4; lastKnownFileType = sourcecode.swift; path = LocationHelper.swift; sourceTree = "<group>"; };
		289C42401B646EDB00D6E57E /* Storyboard.swift */ = {isa = PBXFileReference; fileEncoding = 4; lastKnownFileType = sourcecode.swift; path = Storyboard.swift; sourceTree = "<group>"; };
		28BFAB6C1B6AAE6000D3D4CA /* User.swift */ = {isa = PBXFileReference; fileEncoding = 4; lastKnownFileType = sourcecode.swift; path = User.swift; sourceTree = "<group>"; };
		28E30B881B56DF61001B246A /* Crave App.app */ = {isa = PBXFileReference; explicitFileType = wrapper.application; includeInIndex = 0; path = "Crave App.app"; sourceTree = BUILT_PRODUCTS_DIR; };
		28E30B8C1B56DF61001B246A /* Info.plist */ = {isa = PBXFileReference; lastKnownFileType = text.plist.xml; path = Info.plist; sourceTree = "<group>"; };
		28E30B8D1B56DF61001B246A /* AppDelegate.swift */ = {isa = PBXFileReference; lastKnownFileType = sourcecode.swift; path = AppDelegate.swift; sourceTree = "<group>"; };
		28E30B921B56DF61001B246A /* Base */ = {isa = PBXFileReference; lastKnownFileType = file.storyboard; name = Base; path = Base.lproj/Main.storyboard; sourceTree = "<group>"; };
		28E30B941B56DF61001B246A /* Images.xcassets */ = {isa = PBXFileReference; lastKnownFileType = folder.assetcatalog; path = Images.xcassets; sourceTree = "<group>"; };
		28E30B971B56DF61001B246A /* Base */ = {isa = PBXFileReference; lastKnownFileType = file.xib; name = Base; path = Base.lproj/LaunchScreen.xib; sourceTree = "<group>"; };
		28E30B9D1B56DF61001B246A /* Crave AppTests.xctest */ = {isa = PBXFileReference; explicitFileType = wrapper.cfbundle; includeInIndex = 0; path = "Crave AppTests.xctest"; sourceTree = BUILT_PRODUCTS_DIR; };
		28E30BA21B56DF61001B246A /* Info.plist */ = {isa = PBXFileReference; lastKnownFileType = text.plist.xml; path = Info.plist; sourceTree = "<group>"; };
		28E30BA31B56DF61001B246A /* Crave_AppTests.swift */ = {isa = PBXFileReference; lastKnownFileType = sourcecode.swift; path = Crave_AppTests.swift; sourceTree = "<group>"; };
		28E30BB51B56E1E8001B246A /* PlateViewController.swift */ = {isa = PBXFileReference; fileEncoding = 4; lastKnownFileType = sourcecode.swift; path = PlateViewController.swift; sourceTree = "<group>"; };
		28E30BB91B56E200001B246A /* ChooseViewController.swift */ = {isa = PBXFileReference; fileEncoding = 4; lastKnownFileType = sourcecode.swift; path = ChooseViewController.swift; sourceTree = "<group>"; };
		28E30BBB1B56E207001B246A /* UserViewController.swift */ = {isa = PBXFileReference; fileEncoding = 4; lastKnownFileType = sourcecode.swift; path = UserViewController.swift; sourceTree = "<group>"; };
		28E30BBE1B56F3B0001B246A /* PlateTableViewCell.swift */ = {isa = PBXFileReference; fileEncoding = 4; lastKnownFileType = sourcecode.swift; path = PlateTableViewCell.swift; sourceTree = "<group>"; };
		28E30BC21B57493A001B246A /* ChooseTableViewCell.swift */ = {isa = PBXFileReference; fileEncoding = 4; lastKnownFileType = sourcecode.swift; path = ChooseTableViewCell.swift; sourceTree = "<group>"; };
		28E96B631B71CE6A002F009E /* ChooseHelper.swift */ = {isa = PBXFileReference; fileEncoding = 4; lastKnownFileType = sourcecode.swift; path = ChooseHelper.swift; sourceTree = "<group>"; };
		28EDD9441B5D7A4A0075A9E9 /* UserChoiceCollectionDataSource.swift */ = {isa = PBXFileReference; fileEncoding = 4; lastKnownFileType = sourcecode.swift; path = UserChoiceCollectionDataSource.swift; sourceTree = "<group>"; };
		28EDD98A1B5F2CB30075A9E9 /* TagData.swift */ = {isa = PBXFileReference; fileEncoding = 4; lastKnownFileType = sourcecode.swift; path = TagData.swift; sourceTree = "<group>"; };
		42A704ADB18D561E3151CF68 /* Pods-Crave App.release.xcconfig */ = {isa = PBXFileReference; includeInIndex = 1; lastKnownFileType = text.xcconfig; name = "Pods-Crave App.release.xcconfig"; path = "Pods/Target Support Files/Pods-Crave App/Pods-Crave App.release.xcconfig"; sourceTree = "<group>"; };
		898703216405F783F485EF31 /* Pods-Crave App.debug.xcconfig */ = {isa = PBXFileReference; includeInIndex = 1; lastKnownFileType = text.xcconfig; name = "Pods-Crave App.debug.xcconfig"; path = "Pods/Target Support Files/Pods-Crave App/Pods-Crave App.debug.xcconfig"; sourceTree = "<group>"; };
		8AB1A72B772ACA01DD285677 /* Pods_Crave_App.framework */ = {isa = PBXFileReference; explicitFileType = wrapper.framework; includeInIndex = 0; path = Pods_Crave_App.framework; sourceTree = BUILT_PRODUCTS_DIR; };
/* End PBXFileReference section */

/* Begin PBXFrameworksBuildPhase section */
		28E30B851B56DF61001B246A /* Frameworks */ = {
			isa = PBXFrameworksBuildPhase;
			buildActionMask = 2147483647;
			files = (
				2803B91E1B5C763600CBAC87 /* libz.dylib in Frameworks */,
				2803B91C1B5C762D00CBAC87 /* SystemConfiguration.framework in Frameworks */,
				2803B91A1B5C762200CBAC87 /* CoreMotion.framework in Frameworks */,
				2803B9181B5C761A00CBAC87 /* CoreLocation.framework in Frameworks */,
				2803B91F1B5C769100CBAC87 /* SenseSdk.framework in Frameworks */,
				2803B9161B5C741100CBAC87 /* SenseSdk.framework in Frameworks */,
				A66EEA8CF9DCF4E81BDA281F /* Pods_Crave_App.framework in Frameworks */,
			);
			runOnlyForDeploymentPostprocessing = 0;
		};
		28E30B9A1B56DF61001B246A /* Frameworks */ = {
			isa = PBXFrameworksBuildPhase;
			buildActionMask = 2147483647;
			files = (
			);
			runOnlyForDeploymentPostprocessing = 0;
		};
/* End PBXFrameworksBuildPhase section */

/* Begin PBXGroup section */
		289C42331B645C3900D6E57E /* Products */ = {
			isa = PBXGroup;
			children = (
				289C42381B645C3A00D6E57E /* Quadrat.framework */,
				289C423A1B645C3A00D6E57E /* QuadratTouch.framework */,
			);
			name = Products;
			sourceTree = "<group>";
		};
		28E30B7F1B56DF61001B246A = {
			isa = PBXGroup;
			children = (
				289C42321B645C3900D6E57E /* Quadrat.xcodeproj */,
				2803B91D1B5C763600CBAC87 /* libz.dylib */,
				2803B91B1B5C762D00CBAC87 /* SystemConfiguration.framework */,
				2803B9191B5C762200CBAC87 /* CoreMotion.framework */,
				2803B9171B5C761A00CBAC87 /* CoreLocation.framework */,
				2803B9151B5C741100CBAC87 /* SenseSdk.framework */,
				28E30B8A1B56DF61001B246A /* Crave App */,
				28E30BA01B56DF61001B246A /* Crave AppTests */,
				28E30B891B56DF61001B246A /* Products */,
				6BDF39D68D497EE4D42E651B /* Pods */,
				D77BB64539E020682E2BCA1C /* Frameworks */,
			);
			sourceTree = "<group>";
		};
		28E30B891B56DF61001B246A /* Products */ = {
			isa = PBXGroup;
			children = (
				28E30B881B56DF61001B246A /* Crave App.app */,
				28E30B9D1B56DF61001B246A /* Crave AppTests.xctest */,
			);
			name = Products;
			sourceTree = "<group>";
		};
		28E30B8A1B56DF61001B246A /* Crave App */ = {
			isa = PBXGroup;
			children = (
				28EDD9431B5D7A090075A9E9 /* Models */,
				28E30BC71B59EB2F001B246A /* Data */,
				28E30BBD1B56F397001B246A /* Views */,
				28E30BB41B56E1AC001B246A /* View Controllers */,
				28E30B8D1B56DF61001B246A /* AppDelegate.swift */,
				28E30B911B56DF61001B246A /* Main.storyboard */,
				28E30B941B56DF61001B246A /* Images.xcassets */,
				28E30B961B56DF61001B246A /* LaunchScreen.xib */,
				28E30B8B1B56DF61001B246A /* Supporting Files */,
			);
			path = "Crave App";
			sourceTree = "<group>";
		};
		28E30B8B1B56DF61001B246A /* Supporting Files */ = {
			isa = PBXGroup;
			children = (
				28E30B8C1B56DF61001B246A /* Info.plist */,
			);
			name = "Supporting Files";
			sourceTree = "<group>";
		};
		28E30BA01B56DF61001B246A /* Crave AppTests */ = {
			isa = PBXGroup;
			children = (
				28E30BA31B56DF61001B246A /* Crave_AppTests.swift */,
				28E30BA11B56DF61001B246A /* Supporting Files */,
			);
			path = "Crave AppTests";
			sourceTree = "<group>";
		};
		28E30BA11B56DF61001B246A /* Supporting Files */ = {
			isa = PBXGroup;
			children = (
				28E30BA21B56DF61001B246A /* Info.plist */,
			);
			name = "Supporting Files";
			sourceTree = "<group>";
		};
		28E30BB41B56E1AC001B246A /* View Controllers */ = {
			isa = PBXGroup;
			children = (
				28E30BB51B56E1E8001B246A /* PlateViewController.swift */,
				28E30BB91B56E200001B246A /* ChooseViewController.swift */,
				28E30BBB1B56E207001B246A /* UserViewController.swift */,
				28883A101B6C2A6A0003004B /* ResultsViewController.swift */,
			);
			path = "View Controllers";
			sourceTree = "<group>";
		};
		28E30BBD1B56F397001B246A /* Views */ = {
			isa = PBXGroup;
			children = (
				28E30BBE1B56F3B0001B246A /* PlateTableViewCell.swift */,
				28E30BC21B57493A001B246A /* ChooseTableViewCell.swift */,
			);
			path = Views;
			sourceTree = "<group>";
		};
		28E30BC71B59EB2F001B246A /* Data */ = {
			isa = PBXGroup;
			children = (
				2811ABA91B676D9E0065E039 /* MealObject.swift */,
				28EDD98A1B5F2CB30075A9E9 /* TagData.swift */,
				28BFAB6C1B6AAE6000D3D4CA /* User.swift */,
			);
			path = Data;
			sourceTree = "<group>";
		};
		28EDD9431B5D7A090075A9E9 /* Models */ = {
			isa = PBXGroup;
			children = (
				28EDD9441B5D7A4A0075A9E9 /* UserChoiceCollectionDataSource.swift */,
				28E96B631B71CE6A002F009E /* ChooseHelper.swift */,
				289C423E1B646C6F00D6E57E /* LocationHelper.swift */,
				289C42401B646EDB00D6E57E /* Storyboard.swift */,
			);
			path = Models;
			sourceTree = "<group>";
		};
		6BDF39D68D497EE4D42E651B /* Pods */ = {
			isa = PBXGroup;
			children = (
				898703216405F783F485EF31 /* Pods-Crave App.debug.xcconfig */,
				42A704ADB18D561E3151CF68 /* Pods-Crave App.release.xcconfig */,
			);
			name = Pods;
			sourceTree = "<group>";
		};
		D77BB64539E020682E2BCA1C /* Frameworks */ = {
			isa = PBXGroup;
			children = (
				8AB1A72B772ACA01DD285677 /* Pods_Crave_App.framework */,
			);
			name = Frameworks;
			sourceTree = "<group>";
		};
/* End PBXGroup section */

/* Begin PBXNativeTarget section */
		28E30B871B56DF61001B246A /* Crave App */ = {
			isa = PBXNativeTarget;
			buildConfigurationList = 28E30BA71B56DF61001B246A /* Build configuration list for PBXNativeTarget "Crave App" */;
			buildPhases = (
				C2797FB0556749607D96A595 /* Check Pods Manifest.lock */,
				28E30B841B56DF61001B246A /* Sources */,
				28E30B851B56DF61001B246A /* Frameworks */,
				28E30B861B56DF61001B246A /* Resources */,
				28E30BB01B56E00A001B246A /* Embed Frameworks */,
				28EDD9541B5DA6620075A9E9 /* Copy Frameworks */,
				DBE45F6210E95E520DA58D21 /* Embed Pods Frameworks */,
				81E042569A14EA3349D1463D /* Copy Pods Resources */,
			);
			buildRules = (
			);
			dependencies = (
				289C423C1B645C5300D6E57E /* PBXTargetDependency */,
			);
			name = "Crave App";
			productName = "Crave App";
			productReference = 28E30B881B56DF61001B246A /* Crave App.app */;
			productType = "com.apple.product-type.application";
		};
		28E30B9C1B56DF61001B246A /* Crave AppTests */ = {
			isa = PBXNativeTarget;
			buildConfigurationList = 28E30BAA1B56DF61001B246A /* Build configuration list for PBXNativeTarget "Crave AppTests" */;
			buildPhases = (
				28E30B991B56DF61001B246A /* Sources */,
				28E30B9A1B56DF61001B246A /* Frameworks */,
				28E30B9B1B56DF61001B246A /* Resources */,
			);
			buildRules = (
			);
			dependencies = (
				28E30B9F1B56DF61001B246A /* PBXTargetDependency */,
			);
			name = "Crave AppTests";
			productName = "Crave AppTests";
			productReference = 28E30B9D1B56DF61001B246A /* Crave AppTests.xctest */;
			productType = "com.apple.product-type.bundle.unit-test";
		};
/* End PBXNativeTarget section */

/* Begin PBXProject section */
		28E30B801B56DF61001B246A /* Project object */ = {
			isa = PBXProject;
			attributes = {
				LastUpgradeCheck = 0640;
				ORGANIZATIONNAME = "Sarthak Khillon";
				TargetAttributes = {
					28E30B871B56DF61001B246A = {
						CreatedOnToolsVersion = 6.4;
					};
					28E30B9C1B56DF61001B246A = {
						CreatedOnToolsVersion = 6.4;
						TestTargetID = 28E30B871B56DF61001B246A;
					};
				};
			};
			buildConfigurationList = 28E30B831B56DF61001B246A /* Build configuration list for PBXProject "Crave App" */;
			compatibilityVersion = "Xcode 3.2";
			developmentRegion = English;
			hasScannedForEncodings = 0;
			knownRegions = (
				en,
				Base,
			);
			mainGroup = 28E30B7F1B56DF61001B246A;
			productRefGroup = 28E30B891B56DF61001B246A /* Products */;
			projectDirPath = "";
			projectReferences = (
				{
					ProductGroup = 289C42331B645C3900D6E57E /* Products */;
					ProjectRef = 289C42321B645C3900D6E57E /* Quadrat.xcodeproj */;
				},
			);
			projectRoot = "";
			targets = (
				28E30B871B56DF61001B246A /* Crave App */,
				28E30B9C1B56DF61001B246A /* Crave AppTests */,
			);
		};
/* End PBXProject section */

/* Begin PBXReferenceProxy section */
		289C42381B645C3A00D6E57E /* Quadrat.framework */ = {
			isa = PBXReferenceProxy;
			fileType = wrapper.framework;
			path = Quadrat.framework;
			remoteRef = 289C42371B645C3A00D6E57E /* PBXContainerItemProxy */;
			sourceTree = BUILT_PRODUCTS_DIR;
		};
		289C423A1B645C3A00D6E57E /* QuadratTouch.framework */ = {
			isa = PBXReferenceProxy;
			fileType = wrapper.framework;
			path = QuadratTouch.framework;
			remoteRef = 289C42391B645C3A00D6E57E /* PBXContainerItemProxy */;
			sourceTree = BUILT_PRODUCTS_DIR;
		};
/* End PBXReferenceProxy section */

/* Begin PBXResourcesBuildPhase section */
		28E30B861B56DF61001B246A /* Resources */ = {
			isa = PBXResourcesBuildPhase;
			buildActionMask = 2147483647;
			files = (
				28E30B931B56DF61001B246A /* Main.storyboard in Resources */,
				28E30B981B56DF61001B246A /* LaunchScreen.xib in Resources */,
				28E30B951B56DF61001B246A /* Images.xcassets in Resources */,
			);
			runOnlyForDeploymentPostprocessing = 0;
		};
		28E30B9B1B56DF61001B246A /* Resources */ = {
			isa = PBXResourcesBuildPhase;
			buildActionMask = 2147483647;
			files = (
			);
			runOnlyForDeploymentPostprocessing = 0;
		};
/* End PBXResourcesBuildPhase section */

/* Begin PBXShellScriptBuildPhase section */
		81E042569A14EA3349D1463D /* Copy Pods Resources */ = {
			isa = PBXShellScriptBuildPhase;
			buildActionMask = 2147483647;
			files = (
			);
			inputPaths = (
			);
			name = "Copy Pods Resources";
			outputPaths = (
			);
			runOnlyForDeploymentPostprocessing = 0;
			shellPath = /bin/sh;
			shellScript = "\"${SRCROOT}/Pods/Target Support Files/Pods-Crave App/Pods-Crave App-resources.sh\"\n";
			showEnvVarsInLog = 0;
		};
		C2797FB0556749607D96A595 /* Check Pods Manifest.lock */ = {
			isa = PBXShellScriptBuildPhase;
			buildActionMask = 2147483647;
			files = (
			);
			inputPaths = (
			);
			name = "Check Pods Manifest.lock";
			outputPaths = (
			);
			runOnlyForDeploymentPostprocessing = 0;
			shellPath = /bin/sh;
			shellScript = "diff \"${PODS_ROOT}/../Podfile.lock\" \"${PODS_ROOT}/Manifest.lock\" > /dev/null\nif [[ $? != 0 ]] ; then\n    cat << EOM\nerror: The sandbox is not in sync with the Podfile.lock. Run 'pod install' or update your CocoaPods installation.\nEOM\n    exit 1\nfi\n";
			showEnvVarsInLog = 0;
		};
		DBE45F6210E95E520DA58D21 /* Embed Pods Frameworks */ = {
			isa = PBXShellScriptBuildPhase;
			buildActionMask = 2147483647;
			files = (
			);
			inputPaths = (
			);
			name = "Embed Pods Frameworks";
			outputPaths = (
			);
			runOnlyForDeploymentPostprocessing = 0;
			shellPath = /bin/sh;
			shellScript = "\"${SRCROOT}/Pods/Target Support Files/Pods-Crave App/Pods-Crave App-frameworks.sh\"\n";
			showEnvVarsInLog = 0;
		};
/* End PBXShellScriptBuildPhase section */

/* Begin PBXSourcesBuildPhase section */
		28E30B841B56DF61001B246A /* Sources */ = {
			isa = PBXSourcesBuildPhase;
			buildActionMask = 2147483647;
			files = (
				28E96B641B71CE6A002F009E /* ChooseHelper.swift in Sources */,
				28E30BC31B57493A001B246A /* ChooseTableViewCell.swift in Sources */,
				28E30B8E1B56DF61001B246A /* AppDelegate.swift in Sources */,
				28E30BBC1B56E207001B246A /* UserViewController.swift in Sources */,
				28883A111B6C2A6A0003004B /* ResultsViewController.swift in Sources */,
				28E30BBF1B56F3B0001B246A /* PlateTableViewCell.swift in Sources */,
				28BFAB6D1B6AAE6000D3D4CA /* User.swift in Sources */,
				28E30BBA1B56E200001B246A /* ChooseViewController.swift in Sources */,
				28EDD9451B5D7A4A0075A9E9 /* UserChoiceCollectionDataSource.swift in Sources */,
				2811ABAA1B676D9E0065E039 /* MealObject.swift in Sources */,
				289C423F1B646C6F00D6E57E /* LocationHelper.swift in Sources */,
				28E30BB61B56E1E8001B246A /* PlateViewController.swift in Sources */,
				289C42411B646EDB00D6E57E /* Storyboard.swift in Sources */,
				28EDD98B1B5F2CB30075A9E9 /* TagData.swift in Sources */,
			);
			runOnlyForDeploymentPostprocessing = 0;
		};
		28E30B991B56DF61001B246A /* Sources */ = {
			isa = PBXSourcesBuildPhase;
			buildActionMask = 2147483647;
			files = (
				28E30BA41B56DF61001B246A /* Crave_AppTests.swift in Sources */,
			);
			runOnlyForDeploymentPostprocessing = 0;
		};
/* End PBXSourcesBuildPhase section */

/* Begin PBXTargetDependency section */
		289C423C1B645C5300D6E57E /* PBXTargetDependency */ = {
			isa = PBXTargetDependency;
			name = QuadratTouch;
			targetProxy = 289C423B1B645C5300D6E57E /* PBXContainerItemProxy */;
		};
		28E30B9F1B56DF61001B246A /* PBXTargetDependency */ = {
			isa = PBXTargetDependency;
			target = 28E30B871B56DF61001B246A /* Crave App */;
			targetProxy = 28E30B9E1B56DF61001B246A /* PBXContainerItemProxy */;
		};
/* End PBXTargetDependency section */

/* Begin PBXVariantGroup section */
		28E30B911B56DF61001B246A /* Main.storyboard */ = {
			isa = PBXVariantGroup;
			children = (
				28E30B921B56DF61001B246A /* Base */,
			);
			name = Main.storyboard;
			sourceTree = "<group>";
		};
		28E30B961B56DF61001B246A /* LaunchScreen.xib */ = {
			isa = PBXVariantGroup;
			children = (
				28E30B971B56DF61001B246A /* Base */,
			);
			name = LaunchScreen.xib;
			sourceTree = "<group>";
		};
/* End PBXVariantGroup section */

/* Begin XCBuildConfiguration section */
		28E30BA51B56DF61001B246A /* Debug */ = {
			isa = XCBuildConfiguration;
			buildSettings = {
				ALWAYS_SEARCH_USER_PATHS = NO;
				CLANG_CXX_LANGUAGE_STANDARD = "gnu++0x";
				CLANG_CXX_LIBRARY = "libc++";
				CLANG_ENABLE_MODULES = YES;
				CLANG_ENABLE_OBJC_ARC = YES;
				CLANG_WARN_BOOL_CONVERSION = YES;
				CLANG_WARN_CONSTANT_CONVERSION = YES;
				CLANG_WARN_DIRECT_OBJC_ISA_USAGE = YES_ERROR;
				CLANG_WARN_EMPTY_BODY = YES;
				CLANG_WARN_ENUM_CONVERSION = YES;
				CLANG_WARN_INT_CONVERSION = YES;
				CLANG_WARN_OBJC_ROOT_CLASS = YES_ERROR;
				CLANG_WARN_UNREACHABLE_CODE = YES;
				CLANG_WARN__DUPLICATE_METHOD_MATCH = YES;
				"CODE_SIGN_IDENTITY[sdk=iphoneos*]" = "iPhone Developer";
				COPY_PHASE_STRIP = NO;
				DEBUG_INFORMATION_FORMAT = "dwarf-with-dsym";
				ENABLE_STRICT_OBJC_MSGSEND = YES;
				GCC_C_LANGUAGE_STANDARD = gnu99;
				GCC_DYNAMIC_NO_PIC = NO;
				GCC_NO_COMMON_BLOCKS = YES;
				GCC_OPTIMIZATION_LEVEL = 0;
				GCC_PREPROCESSOR_DEFINITIONS = (
					"DEBUG=1",
					"$(inherited)",
				);
				GCC_SYMBOLS_PRIVATE_EXTERN = NO;
				GCC_WARN_64_TO_32_BIT_CONVERSION = YES;
				GCC_WARN_ABOUT_RETURN_TYPE = YES_ERROR;
				GCC_WARN_UNDECLARED_SELECTOR = YES;
				GCC_WARN_UNINITIALIZED_AUTOS = YES_AGGRESSIVE;
				GCC_WARN_UNUSED_FUNCTION = YES;
				GCC_WARN_UNUSED_VARIABLE = YES;
				IPHONEOS_DEPLOYMENT_TARGET = 8.4;
				MTL_ENABLE_DEBUG_INFO = YES;
				ONLY_ACTIVE_ARCH = YES;
				SDKROOT = iphoneos;
				SWIFT_OPTIMIZATION_LEVEL = "-Onone";
				TARGETED_DEVICE_FAMILY = "1,2";
			};
			name = Debug;
		};
		28E30BA61B56DF61001B246A /* Release */ = {
			isa = XCBuildConfiguration;
			buildSettings = {
				ALWAYS_SEARCH_USER_PATHS = NO;
				CLANG_CXX_LANGUAGE_STANDARD = "gnu++0x";
				CLANG_CXX_LIBRARY = "libc++";
				CLANG_ENABLE_MODULES = YES;
				CLANG_ENABLE_OBJC_ARC = YES;
				CLANG_WARN_BOOL_CONVERSION = YES;
				CLANG_WARN_CONSTANT_CONVERSION = YES;
				CLANG_WARN_DIRECT_OBJC_ISA_USAGE = YES_ERROR;
				CLANG_WARN_EMPTY_BODY = YES;
				CLANG_WARN_ENUM_CONVERSION = YES;
				CLANG_WARN_INT_CONVERSION = YES;
				CLANG_WARN_OBJC_ROOT_CLASS = YES_ERROR;
				CLANG_WARN_UNREACHABLE_CODE = YES;
				CLANG_WARN__DUPLICATE_METHOD_MATCH = YES;
				"CODE_SIGN_IDENTITY[sdk=iphoneos*]" = "iPhone Developer";
				COPY_PHASE_STRIP = NO;
				DEBUG_INFORMATION_FORMAT = "dwarf-with-dsym";
				ENABLE_NS_ASSERTIONS = NO;
				ENABLE_STRICT_OBJC_MSGSEND = YES;
				GCC_C_LANGUAGE_STANDARD = gnu99;
				GCC_NO_COMMON_BLOCKS = YES;
				GCC_WARN_64_TO_32_BIT_CONVERSION = YES;
				GCC_WARN_ABOUT_RETURN_TYPE = YES_ERROR;
				GCC_WARN_UNDECLARED_SELECTOR = YES;
				GCC_WARN_UNINITIALIZED_AUTOS = YES_AGGRESSIVE;
				GCC_WARN_UNUSED_FUNCTION = YES;
				GCC_WARN_UNUSED_VARIABLE = YES;
				IPHONEOS_DEPLOYMENT_TARGET = 8.4;
				MTL_ENABLE_DEBUG_INFO = NO;
				SDKROOT = iphoneos;
				TARGETED_DEVICE_FAMILY = "1,2";
				VALIDATE_PRODUCT = YES;
			};
			name = Release;
		};
		28E30BA81B56DF61001B246A /* Debug */ = {
			isa = XCBuildConfiguration;
			baseConfigurationReference = 898703216405F783F485EF31 /* Pods-Crave App.debug.xcconfig */;
			buildSettings = {
				ASSETCATALOG_COMPILER_APPICON_NAME = AppIcon;
				CODE_SIGN_IDENTITY = "iPhone Developer: Sarthak Khillon (2437A3M333)";
				FRAMEWORK_SEARCH_PATHS = (
					"$(inherited)",
					"$(PROJECT_DIR)",
				);
				INFOPLIST_FILE = "Crave App/Info.plist";
				LD_RUNPATH_SEARCH_PATHS = "$(inherited) @executable_path/Frameworks";
				PRODUCT_NAME = "$(TARGET_NAME)";
			};
			name = Debug;
		};
		28E30BA91B56DF61001B246A /* Release */ = {
			isa = XCBuildConfiguration;
			baseConfigurationReference = 42A704ADB18D561E3151CF68 /* Pods-Crave App.release.xcconfig */;
			buildSettings = {
				ASSETCATALOG_COMPILER_APPICON_NAME = AppIcon;
				CODE_SIGN_IDENTITY = "iPhone Developer: Sarthak Khillon (2437A3M333)";
				FRAMEWORK_SEARCH_PATHS = (
					"$(inherited)",
					"$(PROJECT_DIR)",
				);
				INFOPLIST_FILE = "Crave App/Info.plist";
				LD_RUNPATH_SEARCH_PATHS = "$(inherited) @executable_path/Frameworks";
				PRODUCT_NAME = "$(TARGET_NAME)";
			};
			name = Release;
		};
		28E30BAB1B56DF61001B246A /* Debug */ = {
			isa = XCBuildConfiguration;
			buildSettings = {
				BUNDLE_LOADER = "$(TEST_HOST)";
				FRAMEWORK_SEARCH_PATHS = (
					"$(SDKROOT)/Developer/Library/Frameworks",
					"$(inherited)",
				);
				GCC_PREPROCESSOR_DEFINITIONS = (
					"DEBUG=1",
					"$(inherited)",
				);
				INFOPLIST_FILE = "Crave AppTests/Info.plist";
				LD_RUNPATH_SEARCH_PATHS = "$(inherited) @executable_path/Frameworks @loader_path/Frameworks";
				PRODUCT_NAME = "$(TARGET_NAME)";
				TEST_HOST = "$(BUILT_PRODUCTS_DIR)/Crave App.app/Crave App";
			};
			name = Debug;
		};
		28E30BAC1B56DF61001B246A /* Release */ = {
			isa = XCBuildConfiguration;
			buildSettings = {
				BUNDLE_LOADER = "$(TEST_HOST)";
				FRAMEWORK_SEARCH_PATHS = (
					"$(SDKROOT)/Developer/Library/Frameworks",
					"$(inherited)",
				);
				INFOPLIST_FILE = "Crave AppTests/Info.plist";
				LD_RUNPATH_SEARCH_PATHS = "$(inherited) @executable_path/Frameworks @loader_path/Frameworks";
				PRODUCT_NAME = "$(TARGET_NAME)";
				TEST_HOST = "$(BUILT_PRODUCTS_DIR)/Crave App.app/Crave App";
			};
			name = Release;
		};
/* End XCBuildConfiguration section */

/* Begin XCConfigurationList section */
		28E30B831B56DF61001B246A /* Build configuration list for PBXProject "Crave App" */ = {
			isa = XCConfigurationList;
			buildConfigurations = (
				28E30BA51B56DF61001B246A /* Debug */,
				28E30BA61B56DF61001B246A /* Release */,
			);
			defaultConfigurationIsVisible = 0;
			defaultConfigurationName = Release;
		};
		28E30BA71B56DF61001B246A /* Build configuration list for PBXNativeTarget "Crave App" */ = {
			isa = XCConfigurationList;
			buildConfigurations = (
				28E30BA81B56DF61001B246A /* Debug */,
				28E30BA91B56DF61001B246A /* Release */,
			);
			defaultConfigurationIsVisible = 0;
			defaultConfigurationName = Release;
		};
		28E30BAA1B56DF61001B246A /* Build configuration list for PBXNativeTarget "Crave AppTests" */ = {
			isa = XCConfigurationList;
			buildConfigurations = (
				28E30BAB1B56DF61001B246A /* Debug */,
				28E30BAC1B56DF61001B246A /* Release */,
			);
			defaultConfigurationIsVisible = 0;
			defaultConfigurationName = Release;
		};
/* End XCConfigurationList section */
	};
	rootObject = 28E30B801B56DF61001B246A /* Project object */;
}
